{
  "requires": true,
  "lockfileVersion": 1,
  "dependencies": {
    "leaflet": {
      "version": "1.9.4",
      "resolved": "https://registry.npmjs.org/leaflet/-/leaflet-1.9.4.tgz",
      "integrity": "sha512-nxS1ynzJOmOlHp+iL3FyWqK89GtNL8U8rvlMOsQdTTssxZwCXh8N2NB3GDQOL+YR3XnWyZAxwQixURb+FA74PA=="
    },
    "vue2-leaflet": {
      "version": "2.7.1",
      "resolved": "https://registry.npmjs.org/vue2-leaflet/-/vue2-leaflet-2.7.1.tgz",
      "integrity": "sha512-K7HOlzRhjt3Z7+IvTqEavIBRbmCwSZSCVUlz9u4Rc+3xGCLsHKz4TAL4diAmfHElCQdPPVdZdJk8wPUt2fu6WQ=="
    }
  }
}
